
Microsoft Visual Studio Solution File, Format Version 12.00
# Visual Studio Version 16
VisualStudioVersion = 16.0.31729.503
MinimumVisualStudioVersion = 10.0.40219.1
Project("{2150E333-8FDC-42A3-9474-1A3956D46DE8}") = "Sokoban", "Sokoban", "{9469D90D-1CAA-459A-BB7D-3256F3AF6EEC}"
	ProjectSection(SolutionItems) = preProject
		GameEngine.js = GameEngine.js
		Homepage.html = Homepage.html
		Sokoban.css = Sokoban.css
		SokobanBase.js = SokobanBase.js
	EndProjectSection
EndProject
Project("{2150E333-8FDC-42A3-9474-1A3956D46DE8}") = "Tiles", "Tiles", "{8F9C72D7-128B-426A-8A58-0054FDC0AA26}"
	ProjectSection(SolutionItems) = preProject
		Tiles\barrel_top_open.png = Tiles\barrel_top_open.png
		Tiles\fletching_table_side.png = Tiles\fletching_table_side.png
		Tiles\monkey2.png = Tiles\monkey2.png
		Tiles\observer_back.png = Tiles\observer_back.png
		Tiles\observer_back_on.png = Tiles\observer_back_on.png
		Tiles\polished_blackstone_bricks.png = Tiles\polished_blackstone_bricks.png
		Tiles\redstone_dust_dot.png = Tiles\redstone_dust_dot.png
		Tiles\stone_bricks.png = Tiles\stone_bricks.png
	EndProjectSection
EndProject
Global
	GlobalSection(SolutionProperties) = preSolution
		HideSolutionNode = FALSE
	EndGlobalSection
	GlobalSection(ExtensibilityGlobals) = postSolution
		SolutionGuid = {4AEA3164-2382-4D65-A74C-CA578FA62107}
	EndGlobalSection
EndGlobal
